// !$*UTF8*$!
{
	archiveVersion = 1;
	classes = {
	};
	objectVersion = 46;
	objects = {

/* Begin PBXBuildFile section */
		057F636017C991AE00406854 /* Cocoa.framework in Frameworks */ = {isa = PBXBuildFile; fileRef = 057F635F17C991AE00406854 /* Cocoa.framework */; };
		057F636A17C991AE00406854 /* InfoPlist.strings in Resources */ = {isa = PBXBuildFile; fileRef = 057F636817C991AE00406854 /* InfoPlist.strings */; };
/* End PBXBuildFile section */

/* Begin PBXFileReference section */
		057F635C17C991AE00406854 /* eXcode.bundle */ = {isa = PBXFileReference; explicitFileType = wrapper.cfbundle; includeInIndex = 0; path = eXcode.bundle; sourceTree = BUILT_PRODUCTS_DIR; };
		057F635F17C991AE00406854 /* Cocoa.framework */ = {isa = PBXFileReference; lastKnownFileType = wrapper.framework; name = Cocoa.framework; path = System/Library/Frameworks/Cocoa.framework; sourceTree = SDKROOT; };
		057F636217C991AE00406854 /* Foundation.framework */ = {isa = PBXFileReference; lastKnownFileType = wrapper.framework; name = Foundation.framework; path = System/Library/Frameworks/Foundation.framework; sourceTree = SDKROOT; };
		057F636317C991AE00406854 /* CoreData.framework */ = {isa = PBXFileReference; lastKnownFileType = wrapper.framework; name = CoreData.framework; path = System/Library/Frameworks/CoreData.framework; sourceTree = SDKROOT; };
		057F636417C991AE00406854 /* AppKit.framework */ = {isa = PBXFileReference; lastKnownFileType = wrapper.framework; name = AppKit.framework; path = System/Library/Frameworks/AppKit.framework; sourceTree = SDKROOT; };
		057F636717C991AE00406854 /* eXcode-Info.plist */ = {isa = PBXFileReference; lastKnownFileType = text.plist.xml; path = "eXcode-Info.plist"; sourceTree = "<group>"; };
		057F636917C991AE00406854 /* en */ = {isa = PBXFileReference; lastKnownFileType = text.plist.strings; name = en; path = en.lproj/InfoPlist.strings; sourceTree = "<group>"; };
/* End PBXFileReference section */

/* Begin PBXFrameworksBuildPhase section */
		057F635917C991AE00406854 /* Frameworks */ = {
			isa = PBXFrameworksBuildPhase;
			buildActionMask = 2147483647;
			files = (
				057F636017C991AE00406854 /* Cocoa.framework in Frameworks */,
			);
			runOnlyForDeploymentPostprocessing = 0;
		};
/* End PBXFrameworksBuildPhase section */

/* Begin PBXGroup section */
		057F635317C991AE00406854 = {
			isa = PBXGroup;
			children = (
				057F636517C991AE00406854 /* eXcode */,
				057F635E17C991AE00406854 /* Frameworks */,
				057F635D17C991AE00406854 /* Products */,
			);
			sourceTree = "<group>";
		};
		057F635D17C991AE00406854 /* Products */ = {
			isa = PBXGroup;
			children = (
				057F635C17C991AE00406854 /* eXcode.bundle */,
			);
			name = Products;
			sourceTree = "<group>";
		};
		057F635E17C991AE00406854 /* Frameworks */ = {
			isa = PBXGroup;
			children = (
				057F635F17C991AE00406854 /* Cocoa.framework */,
				057F636117C991AE00406854 /* Other Frameworks */,
			);
			name = Frameworks;
			sourceTree = "<group>";
		};
		057F636117C991AE00406854 /* Other Frameworks */ = {
			isa = PBXGroup;
			children = (
				057F636217C991AE00406854 /* Foundation.framework */,
				057F636317C991AE00406854 /* CoreData.framework */,
				057F636417C991AE00406854 /* AppKit.framework */,
			);
			name = "Other Frameworks";
			sourceTree = "<group>";
		};
		057F636517C991AE00406854 /* eXcode */ = {
			isa = PBXGroup;
			children = (
				057F636617C991AE00406854 /* Supporting Files */,
			);
			path = eXcode;
			sourceTree = "<group>";
		};
		057F636617C991AE00406854 /* Supporting Files */ = {
			isa = PBXGroup;
			children = (
				057F636717C991AE00406854 /* eXcode-Info.plist */,
				057F636817C991AE00406854 /* InfoPlist.strings */,
			);
			name = "Supporting Files";
			sourceTree = "<group>";
		};
/* End PBXGroup section */

/* Begin PBXNativeTarget section */
		057F635B17C991AE00406854 /* eXcode */ = {
			isa = PBXNativeTarget;
			buildConfigurationList = 057F636E17C991AE00406854 /* Build configuration list for PBXNativeTarget "eXcode" */;
			buildPhases = (
				057F635817C991AE00406854 /* Sources */,
				057F635917C991AE00406854 /* Frameworks */,
				057F635A17C991AE00406854 /* Resources */,
			);
			buildRules = (
			);
			dependencies = (
			);
			name = eXcode;
			productName = eXcode;
			productReference = 057F635C17C991AE00406854 /* eXcode.bundle */;
			productType = "com.apple.product-type.bundle";
		};
/* End PBXNativeTarget section */

/* Begin PBXProject section */
		057F635417C991AE00406854 /* Project object */ = {
			isa = PBXProject;
			attributes = {
				LastUpgradeCheck = 0500;
				ORGANIZATIONNAME = "Plausible Labs";
			};
			buildConfigurationList = 057F635717C991AE00406854 /* Build configuration list for PBXProject "eXcode" */;
			compatibilityVersion = "Xcode 3.2";
			developmentRegion = English;
			hasScannedForEncodings = 0;
			knownRegions = (
				en,
			);
			mainGroup = 057F635317C991AE00406854;
			productRefGroup = 057F635D17C991AE00406854 /* Products */;
			projectDirPath = "";
			projectRoot = "";
			targets = (
				057F635B17C991AE00406854 /* eXcode */,
			);
		};
/* End PBXProject section */

/* Begin PBXResourcesBuildPhase section */
		057F635A17C991AE00406854 /* Resources */ = {
			isa = PBXResourcesBuildPhase;
			buildActionMask = 2147483647;
			files = (
				057F636A17C991AE00406854 /* InfoPlist.strings in Resources */,
			);
			runOnlyForDeploymentPostprocessing = 0;
		};
/* End PBXResourcesBuildPhase section */

/* Begin PBXSourcesBuildPhase section */
		057F635817C991AE00406854 /* Sources */ = {
			isa = PBXSourcesBuildPhase;
			buildActionMask = 2147483647;
			files = (
			);
			runOnlyForDeploymentPostprocessing = 0;
		};
/* End PBXSourcesBuildPhase section */

/* Begin PBXVariantGroup section */
		057F636817C991AE00406854 /* InfoPlist.strings */ = {
			isa = PBXVariantGroup;
			children = (
				057F636917C991AE00406854 /* en */,
			);
			name = InfoPlist.strings;
			sourceTree = "<group>";
		};
/* End PBXVariantGroup section */

/* Begin XCBuildConfiguration section */
		057F636C17C991AE00406854 /* Debug */ = {
			isa = XCBuildConfiguration;
			buildSettings = {
				ALWAYS_SEARCH_USER_PATHS = NO;
				CLANG_CXX_LANGUAGE_STANDARD = "gnu++0x";
				CLANG_CXX_LIBRARY = "libc++";
				CLANG_ENABLE_MODULES = YES;
				CLANG_ENABLE_OBJC_ARC = YES;
				CLANG_WARN_BOOL_CONVERSION = YES;
				CLANG_WARN_CONSTANT_CONVERSION = YES;
				CLANG_WARN_DIRECT_OBJC_ISA_USAGE = YES_ERROR;
				CLANG_WARN_EMPTY_BODY = YES;
				CLANG_WARN_ENUM_CONVERSION = YES;
				CLANG_WARN_INT_CONVERSION = YES;
				CLANG_WARN_OBJC_ROOT_CLASS = YES_ERROR;
				CLANG_WARN__DUPLICATE_METHOD_MATCH = YES;
				COPY_PHASE_STRIP = NO;
				GCC_C_LANGUAGE_STANDARD = gnu99;
				GCC_DYNAMIC_NO_PIC = NO;
				GCC_ENABLE_OBJC_EXCEPTIONS = YES;
				GCC_OPTIMIZATION_LEVEL = 0;
				GCC_PREPROCESSOR_DEFINITIONS = (
					"DEBUG=1",
					"$(inherited)",
				);
				GCC_SYMBOLS_PRIVATE_EXTERN = NO;
				GCC_WARN_64_TO_32_BIT_CONVERSION = YES;
				GCC_WARN_ABOUT_RETURN_TYPE = YES_ERROR;
				GCC_WARN_UNDECLARED_SELECTOR = YES;
				GCC_WARN_UNINITIALIZED_AUTOS = YES;
				GCC_WARN_UNUSED_FUNCTION = YES;
				GCC_WARN_UNUSED_VARIABLE = YES;
				MACOSX_DEPLOYMENT_TARGET = 10.8;
				ONLY_ACTIVE_ARCH = YES;
				SDKROOT = macosx;
			};
			name = Debug;
		};
		057F636D17C991AE00406854 /* Release */ = {
			isa = XCBuildConfiguration;
			buildSettings = {
				ALWAYS_SEARCH_USER_PATHS = NO;
				CLANG_CXX_LANGUAGE_STANDARD = "gnu++0x";
				CLANG_CXX_LIBRARY = "libc++";
				CLANG_ENABLE_MODULES = YES;
				CLANG_ENABLE_OBJC_ARC = YES;
				CLANG_WARN_BOOL_CONVERSION = YES;
				CLANG_WARN_CONSTANT_CONVERSION = YES;
				CLANG_WARN_DIRECT_OBJC_ISA_USAGE = YES_ERROR;
				CLANG_WARN_EMPTY_BODY = YES;
				CLANG_WARN_ENUM_CONVERSION = YES;
				CLANG_WARN_INT_CONVERSION = YES;
				CLANG_WARN_OBJC_ROOT_CLASS = YES_ERROR;
				CLANG_WARN__DUPLICATE_METHOD_MATCH = YES;
				COPY_PHASE_STRIP = YES;
				DEBUG_INFORMATION_FORMAT = "dwarf-with-dsym";
				ENABLE_NS_ASSERTIONS = NO;
				GCC_C_LANGUAGE_STANDARD = gnu99;
				GCC_ENABLE_OBJC_EXCEPTIONS = YES;
				GCC_WARN_64_TO_32_BIT_CONVERSION = YES;
				GCC_WARN_ABOUT_RETURN_TYPE = YES_ERROR;
				GCC_WARN_UNDECLARED_SELECTOR = YES;
				GCC_WARN_UNINITIALIZED_AUTOS = YES;
				GCC_WARN_UNUSED_FUNCTION = YES;
				GCC_WARN_UNUSED_VARIABLE = YES;
				MACOSX_DEPLOYMENT_TARGET = 10.8;
				SDKROOT = macosx;
			};
			name = Release;
		};
		057F636F17C991AE00406854 /* Debug */ = {
			isa = XCBuildConfiguration;
			buildSettings = {
				COMBINE_HIDPI_IMAGES = YES;
				INFOPLIST_FILE = "eXcode/eXcode-Info.plist";
				INSTALL_PATH = "$(LOCAL_LIBRARY_DIR)/Bundles";
				PRODUCT_NAME = "$(TARGET_NAME)";
				WRAPPER_EXTENSION = bundle;
			};
			name = Debug;
		};
		057F637017C991AE00406854 /* Release */ = {
			isa = XCBuildConfiguration;
			buildSettings = {
				COMBINE_HIDPI_IMAGES = YES;
				INFOPLIST_FILE = "eXcode/eXcode-Info.plist";
				INSTALL_PATH = "$(LOCAL_LIBRARY_DIR)/Bundles";
				PRODUCT_NAME = "$(TARGET_NAME)";
				WRAPPER_EXTENSION = bundle;
			};
			name = Release;
		};
/* End XCBuildConfiguration section */

/* Begin XCConfigurationList section */
		057F635717C991AE00406854 /* Build configuration list for PBXProject "eXcode" */ = {
			isa = XCConfigurationList;
			buildConfigurations = (
				057F636C17C991AE00406854 /* Debug */,
				057F636D17C991AE00406854 /* Release */,
			);
			defaultConfigurationIsVisible = 0;
			defaultConfigurationName = Release;
		};
		057F636E17C991AE00406854 /* Build configuration list for PBXNativeTarget "eXcode" */ = {
			isa = XCConfigurationList;
			buildConfigurations = (
				057F636F17C991AE00406854 /* Debug */,
				057F637017C991AE00406854 /* Release */,
			);
			defaultConfigurationIsVisible = 0;
		};
/* End XCConfigurationList section */
	};
	rootObject = 057F635417C991AE00406854 /* Project object */;
}
